
Microsoft Visual Studio Solution File, Format Version 12.00
# Visual Studio Version 18
VisualStudioVersion = 18.0.11222.15
MinimumVisualStudioVersion = 10.0.40219.1
Project("{2150E333-8FDC-42A3-9474-1A3956D46DE8}") = "解决方案项", "解决方案项", "{E59B03D4-DFEE-4592-9BE9-DDD1B8D4AEB0}"
	ProjectSection(SolutionItems) = preProject
		LICENSE = LICENSE
		README.md = README.md
	EndProjectSection
EndProject
Project("{9A19103F-16F7-4668-BE54-9A1E7A4F7556}") = "FeishuNetSdk", "src\FeishuNetSdk.csproj", "{E35C4624-A479-49AB-9A93-E2D07B66C455}"
EndProject
Project("{9A19103F-16F7-4668-BE54-9A1E7A4F7556}") = "FeishuNetSdk.Tests", "test\FeishuNetSdk.Tests\FeishuNetSdk.Tests.csproj", "{7E13C5A3-AFF5-4B9E-A746-54531FF161D4}"
EndProject
Project("{2150E333-8FDC-42A3-9474-1A3956D46DE8}") = "Samples", "Samples", "{B1D967FA-F234-4093-AC96-653E34D447E8}"
EndProject
Project("{9A19103F-16F7-4668-BE54-9A1E7A4F7556}") = "ConsoleApp1", "samples\ConsoleApp1\ConsoleApp1.csproj", "{8CB112D5-89CF-4ABE-9F39-62C6047BC3EC}"
EndProject
Project("{9A19103F-16F7-4668-BE54-9A1E7A4F7556}") = "WebApplication1", "samples\WebApplication1\WebApplication1.csproj", "{4969EB46-D7B9-4A13-A732-8E826D1CF79F}"
EndProject
Project("{9A19103F-16F7-4668-BE54-9A1E7A4F7556}") = "FeishuNetSdk.WebSocket", "FeishuNetSdk.WebSocket\FeishuNetSdk.WebSocket.csproj", "{2B0A530E-54E9-445F-977B-BC64165AB71E}"
EndProject
Project("{FAE04EC0-301F-11D3-BF4B-00C04F79EFBC}") = "FeishuNetSdk.Endpoint", "FeishuNetSdk.Endpoint\FeishuNetSdk.Endpoint.csproj", "{E7A299FF-4B33-4DE2-A8CF-5149C27CEDB9}"
EndProject
Project("{FAE04EC0-301F-11D3-BF4B-00C04F79EFBC}") = "ConsoleApp2-net10", "samples\ConsoleApp2-net10\ConsoleApp2-net10.csproj", "{1FC0BD69-152E-4FCF-8764-C8786D90052E}"
EndProject
Project("{FAE04EC0-301F-11D3-BF4B-00C04F79EFBC}") = "FeishuNetSdk.Extensions", "FeishuNetSdk.Extensions\FeishuNetSdk.Extensions.csproj", "{34D4B172-5679-4256-BD58-AE876BBC0E86}"
EndProject
Global
	GlobalSection(SolutionConfigurationPlatforms) = preSolution
		Debug|Any CPU = Debug|Any CPU
		Release|Any CPU = Release|Any CPU
	EndGlobalSection
	GlobalSection(ProjectConfigurationPlatforms) = postSolution
		{E35C4624-A479-49AB-9A93-E2D07B66C455}.Debug|Any CPU.ActiveCfg = Debug|Any CPU
		{E35C4624-A479-49AB-9A93-E2D07B66C455}.Debug|Any CPU.Build.0 = Debug|Any CPU
		{E35C4624-A479-49AB-9A93-E2D07B66C455}.Release|Any CPU.ActiveCfg = Release|Any CPU
		{E35C4624-A479-49AB-9A93-E2D07B66C455}.Release|Any CPU.Build.0 = Release|Any CPU
		{7E13C5A3-AFF5-4B9E-A746-54531FF161D4}.Debug|Any CPU.ActiveCfg = Debug|Any CPU
		{7E13C5A3-AFF5-4B9E-A746-54531FF161D4}.Debug|Any CPU.Build.0 = Debug|Any CPU
		{7E13C5A3-AFF5-4B9E-A746-54531FF161D4}.Release|Any CPU.ActiveCfg = Release|Any CPU
		{7E13C5A3-AFF5-4B9E-A746-54531FF161D4}.Release|Any CPU.Build.0 = Release|Any CPU
		{8CB112D5-89CF-4ABE-9F39-62C6047BC3EC}.Debug|Any CPU.ActiveCfg = Debug|Any CPU
		{8CB112D5-89CF-4ABE-9F39-62C6047BC3EC}.Debug|Any CPU.Build.0 = Debug|Any CPU
		{8CB112D5-89CF-4ABE-9F39-62C6047BC3EC}.Release|Any CPU.ActiveCfg = Release|Any CPU
		{8CB112D5-89CF-4ABE-9F39-62C6047BC3EC}.Release|Any CPU.Build.0 = Release|Any CPU
		{4969EB46-D7B9-4A13-A732-8E826D1CF79F}.Debug|Any CPU.ActiveCfg = Debug|Any CPU
		{4969EB46-D7B9-4A13-A732-8E826D1CF79F}.Debug|Any CPU.Build.0 = Debug|Any CPU
		{4969EB46-D7B9-4A13-A732-8E826D1CF79F}.Release|Any CPU.ActiveCfg = Release|Any CPU
		{4969EB46-D7B9-4A13-A732-8E826D1CF79F}.Release|Any CPU.Build.0 = Release|Any CPU
		{2B0A530E-54E9-445F-977B-BC64165AB71E}.Debug|Any CPU.ActiveCfg = Debug|Any CPU
		{2B0A530E-54E9-445F-977B-BC64165AB71E}.Debug|Any CPU.Build.0 = Debug|Any CPU
		{2B0A530E-54E9-445F-977B-BC64165AB71E}.Release|Any CPU.ActiveCfg = Release|Any CPU
		{2B0A530E-54E9-445F-977B-BC64165AB71E}.Release|Any CPU.Build.0 = Release|Any CPU
		{E7A299FF-4B33-4DE2-A8CF-5149C27CEDB9}.Debug|Any CPU.ActiveCfg = Debug|Any CPU
		{E7A299FF-4B33-4DE2-A8CF-5149C27CEDB9}.Debug|Any CPU.Build.0 = Debug|Any CPU
		{E7A299FF-4B33-4DE2-A8CF-5149C27CEDB9}.Release|Any CPU.ActiveCfg = Release|Any CPU
		{E7A299FF-4B33-4DE2-A8CF-5149C27CEDB9}.Release|Any CPU.Build.0 = Release|Any CPU
		{1FC0BD69-152E-4FCF-8764-C8786D90052E}.Debug|Any CPU.ActiveCfg = Debug|Any CPU
		{1FC0BD69-152E-4FCF-8764-C8786D90052E}.Debug|Any CPU.Build.0 = Debug|Any CPU
		{1FC0BD69-152E-4FCF-8764-C8786D90052E}.Release|Any CPU.ActiveCfg = Release|Any CPU
		{1FC0BD69-152E-4FCF-8764-C8786D90052E}.Release|Any CPU.Build.0 = Release|Any CPU
		{34D4B172-5679-4256-BD58-AE876BBC0E86}.Debug|Any CPU.ActiveCfg = Debug|Any CPU
		{34D4B172-5679-4256-BD58-AE876BBC0E86}.Debug|Any CPU.Build.0 = Debug|Any CPU
		{34D4B172-5679-4256-BD58-AE876BBC0E86}.Release|Any CPU.ActiveCfg = Release|Any CPU
		{34D4B172-5679-4256-BD58-AE876BBC0E86}.Release|Any CPU.Build.0 = Release|Any CPU
	EndGlobalSection
	GlobalSection(SolutionProperties) = preSolution
		HideSolutionNode = FALSE
	EndGlobalSection
	GlobalSection(NestedProjects) = preSolution
		{8CB112D5-89CF-4ABE-9F39-62C6047BC3EC} = {B1D967FA-F234-4093-AC96-653E34D447E8}
		{4969EB46-D7B9-4A13-A732-8E826D1CF79F} = {B1D967FA-F234-4093-AC96-653E34D447E8}
		{1FC0BD69-152E-4FCF-8764-C8786D90052E} = {B1D967FA-F234-4093-AC96-653E34D447E8}
	EndGlobalSection
	GlobalSection(ExtensibilityGlobals) = postSolution
		SolutionGuid = {252D5281-E4B8-4705-9EE2-95C10176DCB0}
	EndGlobalSection
EndGlobal
